
Microsoft Visual Studio Solution File, Format Version 12.00
# Visual Studio Version 17
VisualStudioVersion = 17.6.33829.357
MinimumVisualStudioVersion = 10.0.40219.1
Project("{8BC9CEB8-8B4A-11D0-8D11-00A0C91BC942}") = "Nick_Ostrovsky_3_6_2", "Nick_Ostrovsky_3_6_2\Nick_Ostrovsky_3_6_2.vcxproj", "{78304704-022A-4381-B854-AE976106A3BB}"
EndProject
Global
	GlobalSection(SolutionConfigurationPlatforms) = preSolution
		Debug|x64 = Debug|x64
		Debug|x86 = Debug|x86
		Release|x64 = Release|x64
		Release|x86 = Release|x86
	EndGlobalSection
	GlobalSection(ProjectConfigurationPlatforms) = postSolution
		{78304704-022A-4381-B854-AE976106A3BB}.Debug|x64.ActiveCfg = Debug|x64
		{78304704-022A-4381-B854-AE976106A3BB}.Debug|x64.Build.0 = Debug|x64
		{78304704-022A-4381-B854-AE976106A3BB}.Debug|x86.ActiveCfg = Debug|Win32
		{78304704-022A-4381-B854-AE976106A3BB}.Debug|x86.Build.0 = Debug|Win32
		{78304704-022A-4381-B854-AE976106A3BB}.Release|x64.ActiveCfg = Release|x64
		{78304704-022A-4381-B854-AE976106A3BB}.Release|x64.Build.0 = Release|x64
		{78304704-022A-4381-B854-AE976106A3BB}.Release|x86.ActiveCfg = Release|Win32
		{78304704-022A-4381-B854-AE976106A3BB}.Release|x86.Build.0 = Release|Win32
	EndGlobalSection
	GlobalSection(SolutionProperties) = preSolution
		HideSolutionNode = FALSE
	EndGlobalSection
	GlobalSection(ExtensibilityGlobals) = postSolution
		SolutionGuid = {9BB8E8B8-5E73-4E66-8C37-72914D3CEFA5}
	EndGlobalSection
EndGlobal
